
Microsoft Visual Studio Solution File, Format Version 12.00
# Visual Studio Version 16
VisualStudioVersion = 16.0.31019.35
MinimumVisualStudioVersion = 10.0.40219.1
Project("{FAE04EC0-301F-11D3-BF4B-00C04F79EFBC}") = "logAxe", "logAxe\logAxe.csproj", "{D8098370-0688-4F03-B146-C1F5D3AA5297}"
EndProject
Project("{FAE04EC0-301F-11D3-BF4B-00C04F79EFBC}") = "logAxeEngine", "logAxeEngine\logAxeEngine.csproj", "{14CC60A6-5B45-4699-95E5-ED4A2D25025B}"
EndProject
Project("{FAE04EC0-301F-11D3-BF4B-00C04F79EFBC}") = "logAxeCommon", "logAxeCommon\logAxeCommon.csproj", "{33741F70-80E9-4939-B6F7-906DF7260B4B}"
EndProject
Project("{FAE04EC0-301F-11D3-BF4B-00C04F79EFBC}") = "logAxePlugin", "logAxePlugin\logAxePlugin.csproj", "{43D0C640-A7E0-4505-837D-FD56F122B7D6}"
EndProject
Project("{FAE04EC0-301F-11D3-BF4B-00C04F79EFBC}") = "logAxeEngine.UnitTest", "logAxeEngine.UnitTest\logAxeEngine.UnitTest.csproj", "{32FF456F-2275-45D0-97BF-4D285F6CD264}"
EndProject
Global
	GlobalSection(SolutionConfigurationPlatforms) = preSolution
		Debug|Any CPU = Debug|Any CPU
		Release|Any CPU = Release|Any CPU
	EndGlobalSection
	GlobalSection(ProjectConfigurationPlatforms) = postSolution
		{D8098370-0688-4F03-B146-C1F5D3AA5297}.Debug|Any CPU.ActiveCfg = Debug|Any CPU
		{D8098370-0688-4F03-B146-C1F5D3AA5297}.Debug|Any CPU.Build.0 = Debug|Any CPU
		{D8098370-0688-4F03-B146-C1F5D3AA5297}.Release|Any CPU.ActiveCfg = Release|Any CPU
		{D8098370-0688-4F03-B146-C1F5D3AA5297}.Release|Any CPU.Build.0 = Release|Any CPU
		{14CC60A6-5B45-4699-95E5-ED4A2D25025B}.Debug|Any CPU.ActiveCfg = Debug|Any CPU
		{14CC60A6-5B45-4699-95E5-ED4A2D25025B}.Debug|Any CPU.Build.0 = Debug|Any CPU
		{14CC60A6-5B45-4699-95E5-ED4A2D25025B}.Release|Any CPU.ActiveCfg = Release|Any CPU
		{14CC60A6-5B45-4699-95E5-ED4A2D25025B}.Release|Any CPU.Build.0 = Release|Any CPU
		{33741F70-80E9-4939-B6F7-906DF7260B4B}.Debug|Any CPU.ActiveCfg = Debug|Any CPU
		{33741F70-80E9-4939-B6F7-906DF7260B4B}.Debug|Any CPU.Build.0 = Debug|Any CPU
		{33741F70-80E9-4939-B6F7-906DF7260B4B}.Release|Any CPU.ActiveCfg = Release|Any CPU
		{33741F70-80E9-4939-B6F7-906DF7260B4B}.Release|Any CPU.Build.0 = Release|Any CPU
		{43D0C640-A7E0-4505-837D-FD56F122B7D6}.Debug|Any CPU.ActiveCfg = Debug|Any CPU
		{43D0C640-A7E0-4505-837D-FD56F122B7D6}.Debug|Any CPU.Build.0 = Debug|Any CPU
		{43D0C640-A7E0-4505-837D-FD56F122B7D6}.Release|Any CPU.ActiveCfg = Release|Any CPU
		{43D0C640-A7E0-4505-837D-FD56F122B7D6}.Release|Any CPU.Build.0 = Release|Any CPU
		{32FF456F-2275-45D0-97BF-4D285F6CD264}.Debug|Any CPU.ActiveCfg = Debug|Any CPU
		{32FF456F-2275-45D0-97BF-4D285F6CD264}.Debug|Any CPU.Build.0 = Debug|Any CPU
		{32FF456F-2275-45D0-97BF-4D285F6CD264}.Release|Any CPU.ActiveCfg = Release|Any CPU
		{32FF456F-2275-45D0-97BF-4D285F6CD264}.Release|Any CPU.Build.0 = Release|Any CPU
	EndGlobalSection
	GlobalSection(SolutionProperties) = preSolution
		HideSolutionNode = FALSE
	EndGlobalSection
	GlobalSection(ExtensibilityGlobals) = postSolution
		SolutionGuid = {0A1BC0C0-76AC-4F11-BE59-5471ED390311}
	EndGlobalSection
EndGlobal
